# This file is automatically @generated by Cargo.
# It is not intended for manual editing.
version = 3

[[package]]
name = "cairo-oracle-hint-processor"
version = "0.1.0"

[[package]]
name = "cairo-proto-build"
version = "0.1.0"

[[package]]
name = "scarb-hints-gen-oracle"
version = "0.1.0"

[[package]]
name = "scarb-hints-new"
version = "0.1.0"

[[package]]
name = "scarb-hints-run"
version = "0.1.0"

[[package]]
name = "scarb-hints-test"
version = "0.1.0"
