{"enums":{},"messages":{"oracle::Request":[{"name":"n","ty":{"primitive":"u32"}},{"name":"len","ty":{"primitive":"u32"}}],"oracle::Response":[{"name":"nb","ty":{"array":{"primitive":"u32"}}}]},"services":{"BinaryOracle":{"to_binary":{"input":{"message":"oracle::Request"},"output":{"message":"oracle::Response"}}}}}