{"enums":{"shirts::Size":[{"name":"Small","nb":0},{"name":"Medium","nb":1},{"name":"Large","nb":2}]},"messages":{"shirts::Request":[{"name":"inner","ty":{"option":{"message":"shirts::request::Inner"}}}],"shirts::Response":[{"name":"color","ty":{"enum":"shirts::Size"}}],"shirts::request::Inner":[{"name":"color","ty":{"enum":"shirts::Size"}}]},"services":{"ShirtsOracle":{"shirt":{"input":{"message":"shirts::Request"},"output":{"message":"shirts::Response"}}}}}